Microsoft Visual Studio Solution File, Format Version 12.00
# Visual Studio 14
VisualStudioVersion = 14.0.25420.1
MinimumVisualStudioVersion = 10.0.40219.1
Project("{FAE04EC0-301F-11D3-BF4B-00C04F79EFBC}") = "Sitecore.Support.96740.104142.108165", "Sitecore.Support.104142.108165\Sitecore.Support.96740.104142.108165.csproj", "{168B88D1-AFE8-413A-947F-8C3E811E57CF}"
EndProject
Global
	GlobalSection(SolutionConfigurationPlatforms) = preSolution
		Debug|Any CPU = Debug|Any CPU
		Release|Any CPU = Release|Any CPU
	EndGlobalSection
	GlobalSection(ProjectConfigurationPlatforms) = postSolution
		{168B88D1-AFE8-413A-947F-8C3E811E57CF}.Debug|Any CPU.ActiveCfg = Debug|Any CPU
		{168B88D1-AFE8-413A-947F-8C3E811E57CF}.Debug|Any CPU.Build.0 = Debug|Any CPU
		{168B88D1-AFE8-413A-947F-8C3E811E57CF}.Release|Any CPU.ActiveCfg = Release|Any CPU
		{168B88D1-AFE8-413A-947F-8C3E811E57CF}.Release|Any CPU.Build.0 = Release|Any CPU
	EndGlobalSection
	GlobalSection(SolutionProperties) = preSolution
		HideSolutionNode = FALSE
	EndGlobalSection
EndGlobal
