
Microsoft Visual Studio Solution File, Format Version 12.00
# Visual Studio 14
VisualStudioVersion = 14.0.25123.0
MinimumVisualStudioVersion = 10.0.40219.1
Project("{00C78E0E-4EFF-4163-B4C3-A7D16E48EC5E}") = "Sitecore.Support.104142.108165", "Sitecore.Support.104142.108165\Sitecore.Support.104142.108165.csproj", "{168B88D1-AFE8-413A-947F-8C3E811E57CF}"
EndProject
Global
	GlobalSection(SolutionConfigurationPlatforms) = preSolution
		Debug|Any CPU = Debug|Any CPU
		Release|Any CPU = Release|Any CPU
	EndGlobalSection
	GlobalSection(ProjectConfigurationPlatforms) = postSolution
		{168B88D1-AFE8-413A-947F-8C3E811E57CF}.Debug|Any CPU.ActiveCfg = Debug|Any CPU
		{168B88D1-AFE8-413A-947F-8C3E811E57CF}.Debug|Any CPU.Build.0 = Debug|Any CPU
		{168B88D1-AFE8-413A-947F-8C3E811E57CF}.Release|Any CPU.ActiveCfg = Release|Any CPU
		{168B88D1-AFE8-413A-947F-8C3E811E57CF}.Release|Any CPU.Build.0 = Release|Any CPU
	EndGlobalSection
	GlobalSection(SolutionProperties) = preSolution
		HideSolutionNode = FALSE
	EndGlobalSection
EndGlobal
